// !$*UTF8*$!
{
	archiveVersion = 1;
	classes = {
	};
	objectVersion = 46;
	objects = {

/* Begin PBXBuildFile section */
		69ABB9EA1BDA16F6009FE118 /* main.m in Sources */ = {isa = PBXBuildFile; fileRef = 69ABB9E91BDA16F6009FE118 /* main.m */; };
		69ABB9ED1BDA16F6009FE118 /* AppDelegate.m in Sources */ = {isa = PBXBuildFile; fileRef = 69ABB9EC1BDA16F6009FE118 /* AppDelegate.m */; };
		69ABB9F01BDA16F6009FE118 /* FirstViewController.m in Sources */ = {isa = PBXBuildFile; fileRef = 69ABB9EF1BDA16F6009FE118 /* FirstViewController.m */; };
		69ABB9F31BDA16F6009FE118 /* SecondViewController.m in Sources */ = {isa = PBXBuildFile; fileRef = 69ABB9F21BDA16F6009FE118 /* SecondViewController.m */; };
		69ABB9F61BDA16F6009FE118 /* Main.storyboard in Resources */ = {isa = PBXBuildFile; fileRef = 69ABB9F41BDA16F6009FE118 /* Main.storyboard */; };
		69ABB9F81BDA16F6009FE118 /* Assets.xcassets in Resources */ = {isa = PBXBuildFile; fileRef = 69ABB9F71BDA16F6009FE118 /* Assets.xcassets */; };
		69ABB9FB1BDA16F6009FE118 /* LaunchScreen.storyboard in Resources */ = {isa = PBXBuildFile; fileRef = 69ABB9F91BDA16F6009FE118 /* LaunchScreen.storyboard */; };
		69ABBA061BDA16F6009FE118 /* forth_iosTests.m in Sources */ = {isa = PBXBuildFile; fileRef = 69ABBA051BDA16F6009FE118 /* forth_iosTests.m */; };
/* End PBXBuildFile section */

/* Begin PBXContainerItemProxy section */
		69ABBA021BDA16F6009FE118 /* PBXContainerItemProxy */ = {
			isa = PBXContainerItemProxy;
			containerPortal = 69ABB9DD1BDA16F6009FE118 /* Project object */;
			proxyType = 1;
			remoteGlobalIDString = 69ABB9E41BDA16F6009FE118;
			remoteInfo = "forth-ios";
		};
/* End PBXContainerItemProxy section */

/* Begin PBXFileReference section */
		69ABB9E51BDA16F6009FE118 /* forth-ios.app */ = {isa = PBXFileReference; explicitFileType = wrapper.application; includeInIndex = 0; path = "forth-ios.app"; sourceTree = BUILT_PRODUCTS_DIR; };
		69ABB9E91BDA16F6009FE118 /* main.m */ = {isa = PBXFileReference; lastKnownFileType = sourcecode.c.objc; path = main.m; sourceTree = "<group>"; };
		69ABB9EB1BDA16F6009FE118 /* AppDelegate.h */ = {isa = PBXFileReference; lastKnownFileType = sourcecode.c.h; path = AppDelegate.h; sourceTree = "<group>"; };
		69ABB9EC1BDA16F6009FE118 /* AppDelegate.m */ = {isa = PBXFileReference; lastKnownFileType = sourcecode.c.objc; path = AppDelegate.m; sourceTree = "<group>"; };
		69ABB9EE1BDA16F6009FE118 /* FirstViewController.h */ = {isa = PBXFileReference; lastKnownFileType = sourcecode.c.h; path = FirstViewController.h; sourceTree = "<group>"; };
		69ABB9EF1BDA16F6009FE118 /* FirstViewController.m */ = {isa = PBXFileReference; lastKnownFileType = sourcecode.c.objc; path = FirstViewController.m; sourceTree = "<group>"; };
		69ABB9F11BDA16F6009FE118 /* SecondViewController.h */ = {isa = PBXFileReference; lastKnownFileType = sourcecode.c.h; path = SecondViewController.h; sourceTree = "<group>"; };
		69ABB9F21BDA16F6009FE118 /* SecondViewController.m */ = {isa = PBXFileReference; lastKnownFileType = sourcecode.c.objc; path = SecondViewController.m; sourceTree = "<group>"; };
		69ABB9F51BDA16F6009FE118 /* Base */ = {isa = PBXFileReference; lastKnownFileType = file.storyboard; name = Base; path = Base.lproj/Main.storyboard; sourceTree = "<group>"; };
		69ABB9F71BDA16F6009FE118 /* Assets.xcassets */ = {isa = PBXFileReference; lastKnownFileType = folder.assetcatalog; path = Assets.xcassets; sourceTree = "<group>"; };
		69ABB9FA1BDA16F6009FE118 /* Base */ = {isa = PBXFileReference; lastKnownFileType = file.storyboard; name = Base; path = Base.lproj/LaunchScreen.storyboard; sourceTree = "<group>"; };
		69ABB9FC1BDA16F6009FE118 /* Info.plist */ = {isa = PBXFileReference; lastKnownFileType = text.plist.xml; path = Info.plist; sourceTree = "<group>"; };
		69ABBA011BDA16F6009FE118 /* forth-iosTests.xctest */ = {isa = PBXFileReference; explicitFileType = wrapper.cfbundle; includeInIndex = 0; path = "forth-iosTests.xctest"; sourceTree = BUILT_PRODUCTS_DIR; };
		69ABBA051BDA16F6009FE118 /* forth_iosTests.m */ = {isa = PBXFileReference; lastKnownFileType = sourcecode.c.objc; path = forth_iosTests.m; sourceTree = "<group>"; };
		69ABBA071BDA16F6009FE118 /* Info.plist */ = {isa = PBXFileReference; lastKnownFileType = text.plist.xml; path = Info.plist; sourceTree = "<group>"; };
/* End PBXFileReference section */

/* Begin PBXFrameworksBuildPhase section */
		69ABB9E21BDA16F6009FE118 /* Frameworks */ = {
			isa = PBXFrameworksBuildPhase;
			buildActionMask = 2147483647;
			files = (
			);
			runOnlyForDeploymentPostprocessing = 0;
		};
		69ABB9FE1BDA16F6009FE118 /* Frameworks */ = {
			isa = PBXFrameworksBuildPhase;
			buildActionMask = 2147483647;
			files = (
			);
			runOnlyForDeploymentPostprocessing = 0;
		};
/* End PBXFrameworksBuildPhase section */

/* Begin PBXGroup section */
		69ABB9DC1BDA16F6009FE118 = {
			isa = PBXGroup;
			children = (
				69ABB9E71BDA16F6009FE118 /* forth-ios */,
				69ABBA041BDA16F6009FE118 /* forth-iosTests */,
				69ABB9E61BDA16F6009FE118 /* Products */,
			);
			sourceTree = "<group>";
		};
		69ABB9E61BDA16F6009FE118 /* Products */ = {
			isa = PBXGroup;
			children = (
				69ABB9E51BDA16F6009FE118 /* forth-ios.app */,
				69ABBA011BDA16F6009FE118 /* forth-iosTests.xctest */,
			);
			name = Products;
			sourceTree = "<group>";
		};
		69ABB9E71BDA16F6009FE118 /* forth-ios */ = {
			isa = PBXGroup;
			children = (
				69ABBA101BDA3CC4009FE118 /* Controllers */,
				69ABBA111BDA3CC4009FE118 /* Models */,
				69ABB9EB1BDA16F6009FE118 /* AppDelegate.h */,
				69ABB9EC1BDA16F6009FE118 /* AppDelegate.m */,
				69ABB9EE1BDA16F6009FE118 /* FirstViewController.h */,
				69ABB9EF1BDA16F6009FE118 /* FirstViewController.m */,
				69ABB9F11BDA16F6009FE118 /* SecondViewController.h */,
				69ABB9F21BDA16F6009FE118 /* SecondViewController.m */,
				69ABB9F41BDA16F6009FE118 /* Main.storyboard */,
				69ABB9F71BDA16F6009FE118 /* Assets.xcassets */,
				69ABB9F91BDA16F6009FE118 /* LaunchScreen.storyboard */,
				69ABB9FC1BDA16F6009FE118 /* Info.plist */,
				69ABB9E81BDA16F6009FE118 /* Supporting Files */,
			);
			path = "forth-ios";
			sourceTree = "<group>";
		};
		69ABB9E81BDA16F6009FE118 /* Supporting Files */ = {
			isa = PBXGroup;
			children = (
				69ABB9E91BDA16F6009FE118 /* main.m */,
			);
			name = "Supporting Files";
			sourceTree = "<group>";
		};
		69ABBA041BDA16F6009FE118 /* forth-iosTests */ = {
			isa = PBXGroup;
			children = (
				69ABBA051BDA16F6009FE118 /* forth_iosTests.m */,
				69ABBA071BDA16F6009FE118 /* Info.plist */,
			);
			path = "forth-iosTests";
			sourceTree = "<group>";
		};
		69ABBA101BDA3CC4009FE118 /* Controllers */ = {
			isa = PBXGroup;
			children = (
			);
			path = Controllers;
			sourceTree = "<group>";
		};
		69ABBA111BDA3CC4009FE118 /* Models */ = {
			isa = PBXGroup;
			children = (
			);
			path = Models;
			sourceTree = "<group>";
		};
/* End PBXGroup section */

/* Begin PBXNativeTarget section */
		69ABB9E41BDA16F6009FE118 /* forth-ios */ = {
			isa = PBXNativeTarget;
			buildConfigurationList = 69ABBA0A1BDA16F6009FE118 /* Build configuration list for PBXNativeTarget "forth-ios" */;
			buildPhases = (
				69ABB9E11BDA16F6009FE118 /* Sources */,
				69ABB9E21BDA16F6009FE118 /* Frameworks */,
				69ABB9E31BDA16F6009FE118 /* Resources */,
			);
			buildRules = (
			);
			dependencies = (
			);
			name = "forth-ios";
			productName = "forth-ios";
			productReference = 69ABB9E51BDA16F6009FE118 /* forth-ios.app */;
			productType = "com.apple.product-type.application";
		};
		69ABBA001BDA16F6009FE118 /* forth-iosTests */ = {
			isa = PBXNativeTarget;
			buildConfigurationList = 69ABBA0D1BDA16F6009FE118 /* Build configuration list for PBXNativeTarget "forth-iosTests" */;
			buildPhases = (
				69ABB9FD1BDA16F6009FE118 /* Sources */,
				69ABB9FE1BDA16F6009FE118 /* Frameworks */,
				69ABB9FF1BDA16F6009FE118 /* Resources */,
			);
			buildRules = (
			);
			dependencies = (
				69ABBA031BDA16F6009FE118 /* PBXTargetDependency */,
			);
			name = "forth-iosTests";
			productName = "forth-iosTests";
			productReference = 69ABBA011BDA16F6009FE118 /* forth-iosTests.xctest */;
			productType = "com.apple.product-type.bundle.unit-test";
		};
/* End PBXNativeTarget section */

/* Begin PBXProject section */
		69ABB9DD1BDA16F6009FE118 /* Project object */ = {
			isa = PBXProject;
			attributes = {
				LastUpgradeCheck = 0700;
				ORGANIZATIONNAME = "Fort TV";
				TargetAttributes = {
					69ABB9E41BDA16F6009FE118 = {
						CreatedOnToolsVersion = 7.0.1;
					};
					69ABBA001BDA16F6009FE118 = {
						CreatedOnToolsVersion = 7.0.1;
						TestTargetID = 69ABB9E41BDA16F6009FE118;
					};
				};
			};
			buildConfigurationList = 69ABB9E01BDA16F6009FE118 /* Build configuration list for PBXProject "forth-ios" */;
			compatibilityVersion = "Xcode 3.2";
			developmentRegion = English;
			hasScannedForEncodings = 0;
			knownRegions = (
				en,
				Base,
			);
			mainGroup = 69ABB9DC1BDA16F6009FE118;
			productRefGroup = 69ABB9E61BDA16F6009FE118 /* Products */;
			projectDirPath = "";
			projectRoot = "";
			targets = (
				69ABB9E41BDA16F6009FE118 /* forth-ios */,
				69ABBA001BDA16F6009FE118 /* forth-iosTests */,
			);
		};
/* End PBXProject section */

/* Begin PBXResourcesBuildPhase section */
		69ABB9E31BDA16F6009FE118 /* Resources */ = {
			isa = PBXResourcesBuildPhase;
			buildActionMask = 2147483647;
			files = (
				69ABB9FB1BDA16F6009FE118 /* LaunchScreen.storyboard in Resources */,
				69ABB9F81BDA16F6009FE118 /* Assets.xcassets in Resources */,
				69ABB9F61BDA16F6009FE118 /* Main.storyboard in Resources */,
			);
			runOnlyForDeploymentPostprocessing = 0;
		};
		69ABB9FF1BDA16F6009FE118 /* Resources */ = {
			isa = PBXResourcesBuildPhase;
			buildActionMask = 2147483647;
			files = (
			);
			runOnlyForDeploymentPostprocessing = 0;
		};
/* End PBXResourcesBuildPhase section */

/* Begin PBXSourcesBuildPhase section */
		69ABB9E11BDA16F6009FE118 /* Sources */ = {
			isa = PBXSourcesBuildPhase;
			buildActionMask = 2147483647;
			files = (
				69ABB9F31BDA16F6009FE118 /* SecondViewController.m in Sources */,
				69ABB9ED1BDA16F6009FE118 /* AppDelegate.m in Sources */,
				69ABB9F01BDA16F6009FE118 /* FirstViewController.m in Sources */,
				69ABB9EA1BDA16F6009FE118 /* main.m in Sources */,
			);
			runOnlyForDeploymentPostprocessing = 0;
		};
		69ABB9FD1BDA16F6009FE118 /* Sources */ = {
			isa = PBXSourcesBuildPhase;
			buildActionMask = 2147483647;
			files = (
				69ABBA061BDA16F6009FE118 /* forth_iosTests.m in Sources */,
			);
			runOnlyForDeploymentPostprocessing = 0;
		};
/* End PBXSourcesBuildPhase section */

/* Begin PBXTargetDependency section */
		69ABBA031BDA16F6009FE118 /* PBXTargetDependency */ = {
			isa = PBXTargetDependency;
			target = 69ABB9E41BDA16F6009FE118 /* forth-ios */;
			targetProxy = 69ABBA021BDA16F6009FE118 /* PBXContainerItemProxy */;
		};
/* End PBXTargetDependency section */

/* Begin PBXVariantGroup section */
		69ABB9F41BDA16F6009FE118 /* Main.storyboard */ = {
			isa = PBXVariantGroup;
			children = (
				69ABB9F51BDA16F6009FE118 /* Base */,
			);
			name = Main.storyboard;
			sourceTree = "<group>";
		};
		69ABB9F91BDA16F6009FE118 /* LaunchScreen.storyboard */ = {
			isa = PBXVariantGroup;
			children = (
				69ABB9FA1BDA16F6009FE118 /* Base */,
			);
			name = LaunchScreen.storyboard;
			sourceTree = "<group>";
		};
/* End PBXVariantGroup section */

/* Begin XCBuildConfiguration section */
		69ABBA081BDA16F6009FE118 /* Debug */ = {
			isa = XCBuildConfiguration;
			buildSettings = {
				ALWAYS_SEARCH_USER_PATHS = NO;
				CLANG_CXX_LANGUAGE_STANDARD = "gnu++0x";
				CLANG_CXX_LIBRARY = "libc++";
				CLANG_ENABLE_MODULES = YES;
				CLANG_ENABLE_OBJC_ARC = YES;
				CLANG_WARN_BOOL_CONVERSION = YES;
				CLANG_WARN_CONSTANT_CONVERSION = YES;
				CLANG_WARN_DIRECT_OBJC_ISA_USAGE = YES_ERROR;
				CLANG_WARN_EMPTY_BODY = YES;
				CLANG_WARN_ENUM_CONVERSION = YES;
				CLANG_WARN_INT_CONVERSION = YES;
				CLANG_WARN_OBJC_ROOT_CLASS = YES_ERROR;
				CLANG_WARN_UNREACHABLE_CODE = YES;
				CLANG_WARN__DUPLICATE_METHOD_MATCH = YES;
				"CODE_SIGN_IDENTITY[sdk=iphoneos*]" = "iPhone Developer";
				COPY_PHASE_STRIP = NO;
				DEBUG_INFORMATION_FORMAT = dwarf;
				ENABLE_STRICT_OBJC_MSGSEND = YES;
				ENABLE_TESTABILITY = YES;
				GCC_C_LANGUAGE_STANDARD = gnu99;
				GCC_DYNAMIC_NO_PIC = NO;
				GCC_NO_COMMON_BLOCKS = YES;
				GCC_OPTIMIZATION_LEVEL = 0;
				GCC_PREPROCESSOR_DEFINITIONS = (
					"DEBUG=1",
					"$(inherited)",
				);
				GCC_WARN_64_TO_32_BIT_CONVERSION = YES;
				GCC_WARN_ABOUT_RETURN_TYPE = YES_ERROR;
				GCC_WARN_UNDECLARED_SELECTOR = YES;
				GCC_WARN_UNINITIALIZED_AUTOS = YES_AGGRESSIVE;
				GCC_WARN_UNUSED_FUNCTION = YES;
				GCC_WARN_UNUSED_VARIABLE = YES;
				IPHONEOS_DEPLOYMENT_TARGET = 9.0;
				MTL_ENABLE_DEBUG_INFO = YES;
				ONLY_ACTIVE_ARCH = YES;
				SDKROOT = iphoneos;
			};
			name = Debug;
		};
		69ABBA091BDA16F6009FE118 /* Release */ = {
			isa = XCBuildConfiguration;
			buildSettings = {
				ALWAYS_SEARCH_USER_PATHS = NO;
				CLANG_CXX_LANGUAGE_STANDARD = "gnu++0x";
				CLANG_CXX_LIBRARY = "libc++";
				CLANG_ENABLE_MODULES = YES;
				CLANG_ENABLE_OBJC_ARC = YES;
				CLANG_WARN_BOOL_CONVERSION = YES;
				CLANG_WARN_CONSTANT_CONVERSION = YES;
				CLANG_WARN_DIRECT_OBJC_ISA_USAGE = YES_ERROR;
				CLANG_WARN_EMPTY_BODY = YES;
				CLANG_WARN_ENUM_CONVERSION = YES;
				CLANG_WARN_INT_CONVERSION = YES;
				CLANG_WARN_OBJC_ROOT_CLASS = YES_ERROR;
				CLANG_WARN_UNREACHABLE_CODE = YES;
				CLANG_WARN__DUPLICATE_METHOD_MATCH = YES;
				"CODE_SIGN_IDENTITY[sdk=iphoneos*]" = "iPhone Developer";
				COPY_PHASE_STRIP = NO;
				DEBUG_INFORMATION_FORMAT = "dwarf-with-dsym";
				ENABLE_NS_ASSERTIONS = NO;
				ENABLE_STRICT_OBJC_MSGSEND = YES;
				GCC_C_LANGUAGE_STANDARD = gnu99;
				GCC_NO_COMMON_BLOCKS = YES;
				GCC_WARN_64_TO_32_BIT_CONVERSION = YES;
				GCC_WARN_ABOUT_RETURN_TYPE = YES_ERROR;
				GCC_WARN_UNDECLARED_SELECTOR = YES;
				GCC_WARN_UNINITIALIZED_AUTOS = YES_AGGRESSIVE;
				GCC_WARN_UNUSED_FUNCTION = YES;
				GCC_WARN_UNUSED_VARIABLE = YES;
				IPHONEOS_DEPLOYMENT_TARGET = 9.0;
				MTL_ENABLE_DEBUG_INFO = NO;
				SDKROOT = iphoneos;
				VALIDATE_PRODUCT = YES;
			};
			name = Release;
		};
		69ABBA0B1BDA16F6009FE118 /* Debug */ = {
			isa = XCBuildConfiguration;
			buildSettings = {
				ASSETCATALOG_COMPILER_APPICON_NAME = AppIcon;
				INFOPLIST_FILE = "forth-ios/Info.plist";
				LD_RUNPATH_SEARCH_PATHS = "$(inherited) @executable_path/Frameworks";
				PRODUCT_BUNDLE_IDENTIFIER = "tv.forth.forth-ios";
				PRODUCT_NAME = "$(TARGET_NAME)";
			};
			name = Debug;
		};
		69ABBA0C1BDA16F6009FE118 /* Release */ = {
			isa = XCBuildConfiguration;
			buildSettings = {
				ASSETCATALOG_COMPILER_APPICON_NAME = AppIcon;
				INFOPLIST_FILE = "forth-ios/Info.plist";
				LD_RUNPATH_SEARCH_PATHS = "$(inherited) @executable_path/Frameworks";
				PRODUCT_BUNDLE_IDENTIFIER = "tv.forth.forth-ios";
				PRODUCT_NAME = "$(TARGET_NAME)";
			};
			name = Release;
		};
		69ABBA0E1BDA16F6009FE118 /* Debug */ = {
			isa = XCBuildConfiguration;
			buildSettings = {
				BUNDLE_LOADER = "$(TEST_HOST)";
				INFOPLIST_FILE = "forth-iosTests/Info.plist";
				LD_RUNPATH_SEARCH_PATHS = "$(inherited) @executable_path/Frameworks @loader_path/Frameworks";
				PRODUCT_BUNDLE_IDENTIFIER = "tv.forth.forth-iosTests";
				PRODUCT_NAME = "$(TARGET_NAME)";
				TEST_HOST = "$(BUILT_PRODUCTS_DIR)/forth-ios.app/forth-ios";
			};
			name = Debug;
		};
		69ABBA0F1BDA16F6009FE118 /* Release */ = {
			isa = XCBuildConfiguration;
			buildSettings = {
				BUNDLE_LOADER = "$(TEST_HOST)";
				INFOPLIST_FILE = "forth-iosTests/Info.plist";
				LD_RUNPATH_SEARCH_PATHS = "$(inherited) @executable_path/Frameworks @loader_path/Frameworks";
				PRODUCT_BUNDLE_IDENTIFIER = "tv.forth.forth-iosTests";
				PRODUCT_NAME = "$(TARGET_NAME)";
				TEST_HOST = "$(BUILT_PRODUCTS_DIR)/forth-ios.app/forth-ios";
			};
			name = Release;
		};
/* End XCBuildConfiguration section */

/* Begin XCConfigurationList section */
		69ABB9E01BDA16F6009FE118 /* Build configuration list for PBXProject "forth-ios" */ = {
			isa = XCConfigurationList;
			buildConfigurations = (
				69ABBA081BDA16F6009FE118 /* Debug */,
				69ABBA091BDA16F6009FE118 /* Release */,
			);
			defaultConfigurationIsVisible = 0;
			defaultConfigurationName = Release;
		};
		69ABBA0A1BDA16F6009FE118 /* Build configuration list for PBXNativeTarget "forth-ios" */ = {
			isa = XCConfigurationList;
			buildConfigurations = (
				69ABBA0B1BDA16F6009FE118 /* Debug */,
				69ABBA0C1BDA16F6009FE118 /* Release */,
			);
			defaultConfigurationIsVisible = 0;
		};
		69ABBA0D1BDA16F6009FE118 /* Build configuration list for PBXNativeTarget "forth-iosTests" */ = {
			isa = XCConfigurationList;
			buildConfigurations = (
				69ABBA0E1BDA16F6009FE118 /* Debug */,
				69ABBA0F1BDA16F6009FE118 /* Release */,
			);
			defaultConfigurationIsVisible = 0;
		};
/* End XCConfigurationList section */
	};
	rootObject = 69ABB9DD1BDA16F6009FE118 /* Project object */;
}
