// !$*UTF8*$!
{
	archiveVersion = 1;
	classes = {
	};
	objectVersion = 46;
	objects = {

/* Begin PBXBuildFile section */
		69A9ABE81BE216B10095B869 /* main.m in Sources */ = {isa = PBXBuildFile; fileRef = 69A9ABE71BE216B10095B869 /* main.m */; };
		69A9ABEB1BE216B10095B869 /* AppDelegate.m in Sources */ = {isa = PBXBuildFile; fileRef = 69A9ABEA1BE216B10095B869 /* AppDelegate.m */; };
		69A9ABEE1BE216B10095B869 /* ViewController.m in Sources */ = {isa = PBXBuildFile; fileRef = 69A9ABED1BE216B10095B869 /* ViewController.m */; };
		69A9ABF11BE216B10095B869 /* Main.storyboard in Resources */ = {isa = PBXBuildFile; fileRef = 69A9ABEF1BE216B10095B869 /* Main.storyboard */; };
		69A9ABF31BE216B10095B869 /* Assets.xcassets in Resources */ = {isa = PBXBuildFile; fileRef = 69A9ABF21BE216B10095B869 /* Assets.xcassets */; };
		69A9ABF61BE216B10095B869 /* LaunchScreen.storyboard in Resources */ = {isa = PBXBuildFile; fileRef = 69A9ABF41BE216B10095B869 /* LaunchScreen.storyboard */; };
		69A9AC011BE216B10095B869 /* Forth_SampleTests.m in Sources */ = {isa = PBXBuildFile; fileRef = 69A9AC001BE216B10095B869 /* Forth_SampleTests.m */; };
		69A9AC0D1BE222390095B869 /* DemoView.m in Sources */ = {isa = PBXBuildFile; fileRef = 69A9AC0C1BE222390095B869 /* DemoView.m */; };
		D97999C21BE76F1100C08C52 /* SimpleVertex.glsl in Resources */ = {isa = PBXBuildFile; fileRef = D97999C11BE76F1100C08C52 /* SimpleVertex.glsl */; };
		D97999C61BE7723600C08C52 /* SimpleFragment.glsl in Resources */ = {isa = PBXBuildFile; fileRef = D97999C51BE7723600C08C52 /* SimpleFragment.glsl */; };
/* End PBXBuildFile section */

/* Begin PBXContainerItemProxy section */
		69A9ABFD1BE216B10095B869 /* PBXContainerItemProxy */ = {
			isa = PBXContainerItemProxy;
			containerPortal = 69A9ABDB1BE216B10095B869 /* Project object */;
			proxyType = 1;
			remoteGlobalIDString = 69A9ABE21BE216B10095B869;
			remoteInfo = "Forth Sample";
		};
/* End PBXContainerItemProxy section */

/* Begin PBXFileReference section */
		69A9ABE31BE216B10095B869 /* Forth Sample.app */ = {isa = PBXFileReference; explicitFileType = wrapper.application; includeInIndex = 0; path = "Forth Sample.app"; sourceTree = BUILT_PRODUCTS_DIR; };
		69A9ABE71BE216B10095B869 /* main.m */ = {isa = PBXFileReference; lastKnownFileType = sourcecode.c.objc; path = main.m; sourceTree = "<group>"; };
		69A9ABE91BE216B10095B869 /* AppDelegate.h */ = {isa = PBXFileReference; lastKnownFileType = sourcecode.c.h; path = AppDelegate.h; sourceTree = "<group>"; };
		69A9ABEA1BE216B10095B869 /* AppDelegate.m */ = {isa = PBXFileReference; lastKnownFileType = sourcecode.c.objc; path = AppDelegate.m; sourceTree = "<group>"; };
		69A9ABEC1BE216B10095B869 /* ViewController.h */ = {isa = PBXFileReference; lastKnownFileType = sourcecode.c.h; path = ViewController.h; sourceTree = "<group>"; };
		69A9ABED1BE216B10095B869 /* ViewController.m */ = {isa = PBXFileReference; lastKnownFileType = sourcecode.c.objc; path = ViewController.m; sourceTree = "<group>"; };
		69A9ABF01BE216B10095B869 /* Base */ = {isa = PBXFileReference; lastKnownFileType = file.storyboard; name = Base; path = Base.lproj/Main.storyboard; sourceTree = "<group>"; };
		69A9ABF21BE216B10095B869 /* Assets.xcassets */ = {isa = PBXFileReference; lastKnownFileType = folder.assetcatalog; path = Assets.xcassets; sourceTree = "<group>"; };
		69A9ABF51BE216B10095B869 /* Base */ = {isa = PBXFileReference; lastKnownFileType = file.storyboard; name = Base; path = Base.lproj/LaunchScreen.storyboard; sourceTree = "<group>"; };
		69A9ABF71BE216B10095B869 /* Info.plist */ = {isa = PBXFileReference; lastKnownFileType = text.plist.xml; path = Info.plist; sourceTree = "<group>"; };
		69A9ABFC1BE216B10095B869 /* Forth SampleTests.xctest */ = {isa = PBXFileReference; explicitFileType = wrapper.cfbundle; includeInIndex = 0; path = "Forth SampleTests.xctest"; sourceTree = BUILT_PRODUCTS_DIR; };
		69A9AC001BE216B10095B869 /* Forth_SampleTests.m */ = {isa = PBXFileReference; lastKnownFileType = sourcecode.c.objc; path = Forth_SampleTests.m; sourceTree = "<group>"; };
		69A9AC021BE216B10095B869 /* Info.plist */ = {isa = PBXFileReference; lastKnownFileType = text.plist.xml; path = Info.plist; sourceTree = "<group>"; };
		69A9AC0B1BE222390095B869 /* DemoView.h */ = {isa = PBXFileReference; fileEncoding = 4; lastKnownFileType = sourcecode.c.h; path = DemoView.h; sourceTree = "<group>"; };
		69A9AC0C1BE222390095B869 /* DemoView.m */ = {isa = PBXFileReference; fileEncoding = 4; lastKnownFileType = sourcecode.c.objc; path = DemoView.m; sourceTree = "<group>"; };
		D97999C11BE76F1100C08C52 /* SimpleVertex.glsl */ = {isa = PBXFileReference; fileEncoding = 4; lastKnownFileType = text; path = SimpleVertex.glsl; sourceTree = "<group>"; };
		D97999C51BE7723600C08C52 /* SimpleFragment.glsl */ = {isa = PBXFileReference; fileEncoding = 4; lastKnownFileType = text; path = SimpleFragment.glsl; sourceTree = "<group>"; };
/* End PBXFileReference section */

/* Begin PBXFrameworksBuildPhase section */
		69A9ABE01BE216B10095B869 /* Frameworks */ = {
			isa = PBXFrameworksBuildPhase;
			buildActionMask = 2147483647;
			files = (
			);
			runOnlyForDeploymentPostprocessing = 0;
		};
		69A9ABF91BE216B10095B869 /* Frameworks */ = {
			isa = PBXFrameworksBuildPhase;
			buildActionMask = 2147483647;
			files = (
			);
			runOnlyForDeploymentPostprocessing = 0;
		};
/* End PBXFrameworksBuildPhase section */

/* Begin PBXGroup section */
		69A9ABDA1BE216B10095B869 = {
			isa = PBXGroup;
			children = (
				69A9ABE51BE216B10095B869 /* Forth Sample */,
				69A9ABFF1BE216B10095B869 /* Forth SampleTests */,
				69A9ABE41BE216B10095B869 /* Products */,
			);
			sourceTree = "<group>";
		};
		69A9ABE41BE216B10095B869 /* Products */ = {
			isa = PBXGroup;
			children = (
				69A9ABE31BE216B10095B869 /* Forth Sample.app */,
				69A9ABFC1BE216B10095B869 /* Forth SampleTests.xctest */,
			);
			name = Products;
			sourceTree = "<group>";
		};
		69A9ABE51BE216B10095B869 /* Forth Sample */ = {
			isa = PBXGroup;
			children = (
				69A9ABE91BE216B10095B869 /* AppDelegate.h */,
				69A9ABEA1BE216B10095B869 /* AppDelegate.m */,
				69A9ABEC1BE216B10095B869 /* ViewController.h */,
				69A9ABED1BE216B10095B869 /* ViewController.m */,
				69A9ABEF1BE216B10095B869 /* Main.storyboard */,
				69A9ABF21BE216B10095B869 /* Assets.xcassets */,
				69A9ABF41BE216B10095B869 /* LaunchScreen.storyboard */,
				69A9ABF71BE216B10095B869 /* Info.plist */,
				69A9ABE61BE216B10095B869 /* Supporting Files */,
				69A9AC0B1BE222390095B869 /* DemoView.h */,
				69A9AC0C1BE222390095B869 /* DemoView.m */,
				D97999C11BE76F1100C08C52 /* SimpleVertex.glsl */,
				D97999C51BE7723600C08C52 /* SimpleFragment.glsl */,
			);
			path = "Forth Sample";
			sourceTree = "<group>";
		};
		69A9ABE61BE216B10095B869 /* Supporting Files */ = {
			isa = PBXGroup;
			children = (
				69A9ABE71BE216B10095B869 /* main.m */,
			);
			name = "Supporting Files";
			sourceTree = "<group>";
		};
		69A9ABFF1BE216B10095B869 /* Forth SampleTests */ = {
			isa = PBXGroup;
			children = (
				69A9AC001BE216B10095B869 /* Forth_SampleTests.m */,
				69A9AC021BE216B10095B869 /* Info.plist */,
			);
			path = "Forth SampleTests";
			sourceTree = "<group>";
		};
/* End PBXGroup section */

/* Begin PBXNativeTarget section */
		69A9ABE21BE216B10095B869 /* Forth Sample */ = {
			isa = PBXNativeTarget;
			buildConfigurationList = 69A9AC051BE216B10095B869 /* Build configuration list for PBXNativeTarget "Forth Sample" */;
			buildPhases = (
				69A9ABDF1BE216B10095B869 /* Sources */,
				69A9ABE01BE216B10095B869 /* Frameworks */,
				69A9ABE11BE216B10095B869 /* Resources */,
			);
			buildRules = (
			);
			dependencies = (
			);
			name = "Forth Sample";
			productName = "Forth Sample";
			productReference = 69A9ABE31BE216B10095B869 /* Forth Sample.app */;
			productType = "com.apple.product-type.application";
		};
		69A9ABFB1BE216B10095B869 /* Forth SampleTests */ = {
			isa = PBXNativeTarget;
			buildConfigurationList = 69A9AC081BE216B10095B869 /* Build configuration list for PBXNativeTarget "Forth SampleTests" */;
			buildPhases = (
				69A9ABF81BE216B10095B869 /* Sources */,
				69A9ABF91BE216B10095B869 /* Frameworks */,
				69A9ABFA1BE216B10095B869 /* Resources */,
			);
			buildRules = (
			);
			dependencies = (
				69A9ABFE1BE216B10095B869 /* PBXTargetDependency */,
			);
			name = "Forth SampleTests";
			productName = "Forth SampleTests";
			productReference = 69A9ABFC1BE216B10095B869 /* Forth SampleTests.xctest */;
			productType = "com.apple.product-type.bundle.unit-test";
		};
/* End PBXNativeTarget section */

/* Begin PBXProject section */
		69A9ABDB1BE216B10095B869 /* Project object */ = {
			isa = PBXProject;
			attributes = {
				LastUpgradeCheck = 0710;
				ORGANIZATIONNAME = "Fort TV";
				TargetAttributes = {
					69A9ABE21BE216B10095B869 = {
						CreatedOnToolsVersion = 7.1;
					};
					69A9ABFB1BE216B10095B869 = {
						CreatedOnToolsVersion = 7.1;
						TestTargetID = 69A9ABE21BE216B10095B869;
					};
				};
			};
			buildConfigurationList = 69A9ABDE1BE216B10095B869 /* Build configuration list for PBXProject "Forth Sample" */;
			compatibilityVersion = "Xcode 3.2";
			developmentRegion = English;
			hasScannedForEncodings = 0;
			knownRegions = (
				en,
				Base,
			);
			mainGroup = 69A9ABDA1BE216B10095B869;
			productRefGroup = 69A9ABE41BE216B10095B869 /* Products */;
			projectDirPath = "";
			projectRoot = "";
			targets = (
				69A9ABE21BE216B10095B869 /* Forth Sample */,
				69A9ABFB1BE216B10095B869 /* Forth SampleTests */,
			);
		};
/* End PBXProject section */

/* Begin PBXResourcesBuildPhase section */
		69A9ABE11BE216B10095B869 /* Resources */ = {
			isa = PBXResourcesBuildPhase;
			buildActionMask = 2147483647;
			files = (
				69A9ABF61BE216B10095B869 /* LaunchScreen.storyboard in Resources */,
				69A9ABF31BE216B10095B869 /* Assets.xcassets in Resources */,
				D97999C21BE76F1100C08C52 /* SimpleVertex.glsl in Resources */,
				69A9ABF11BE216B10095B869 /* Main.storyboard in Resources */,
				D97999C61BE7723600C08C52 /* SimpleFragment.glsl in Resources */,
			);
			runOnlyForDeploymentPostprocessing = 0;
		};
		69A9ABFA1BE216B10095B869 /* Resources */ = {
			isa = PBXResourcesBuildPhase;
			buildActionMask = 2147483647;
			files = (
			);
			runOnlyForDeploymentPostprocessing = 0;
		};
/* End PBXResourcesBuildPhase section */

/* Begin PBXSourcesBuildPhase section */
		69A9ABDF1BE216B10095B869 /* Sources */ = {
			isa = PBXSourcesBuildPhase;
			buildActionMask = 2147483647;
			files = (
				69A9ABEE1BE216B10095B869 /* ViewController.m in Sources */,
				69A9AC0D1BE222390095B869 /* DemoView.m in Sources */,
				69A9ABEB1BE216B10095B869 /* AppDelegate.m in Sources */,
				69A9ABE81BE216B10095B869 /* main.m in Sources */,
			);
			runOnlyForDeploymentPostprocessing = 0;
		};
		69A9ABF81BE216B10095B869 /* Sources */ = {
			isa = PBXSourcesBuildPhase;
			buildActionMask = 2147483647;
			files = (
				69A9AC011BE216B10095B869 /* Forth_SampleTests.m in Sources */,
			);
			runOnlyForDeploymentPostprocessing = 0;
		};
/* End PBXSourcesBuildPhase section */

/* Begin PBXTargetDependency section */
		69A9ABFE1BE216B10095B869 /* PBXTargetDependency */ = {
			isa = PBXTargetDependency;
			target = 69A9ABE21BE216B10095B869 /* Forth Sample */;
			targetProxy = 69A9ABFD1BE216B10095B869 /* PBXContainerItemProxy */;
		};
/* End PBXTargetDependency section */

/* Begin PBXVariantGroup section */
		69A9ABEF1BE216B10095B869 /* Main.storyboard */ = {
			isa = PBXVariantGroup;
			children = (
				69A9ABF01BE216B10095B869 /* Base */,
			);
			name = Main.storyboard;
			sourceTree = "<group>";
		};
		69A9ABF41BE216B10095B869 /* LaunchScreen.storyboard */ = {
			isa = PBXVariantGroup;
			children = (
				69A9ABF51BE216B10095B869 /* Base */,
			);
			name = LaunchScreen.storyboard;
			sourceTree = "<group>";
		};
/* End PBXVariantGroup section */

/* Begin XCBuildConfiguration section */
		69A9AC031BE216B10095B869 /* Debug */ = {
			isa = XCBuildConfiguration;
			buildSettings = {
				ALWAYS_SEARCH_USER_PATHS = NO;
				CLANG_CXX_LANGUAGE_STANDARD = "gnu++0x";
				CLANG_CXX_LIBRARY = "libc++";
				CLANG_ENABLE_MODULES = YES;
				CLANG_ENABLE_OBJC_ARC = YES;
				CLANG_WARN_BOOL_CONVERSION = YES;
				CLANG_WARN_CONSTANT_CONVERSION = YES;
				CLANG_WARN_DIRECT_OBJC_ISA_USAGE = YES_ERROR;
				CLANG_WARN_EMPTY_BODY = YES;
				CLANG_WARN_ENUM_CONVERSION = YES;
				CLANG_WARN_INT_CONVERSION = YES;
				CLANG_WARN_OBJC_ROOT_CLASS = YES_ERROR;
				CLANG_WARN_UNREACHABLE_CODE = YES;
				CLANG_WARN__DUPLICATE_METHOD_MATCH = YES;
				"CODE_SIGN_IDENTITY[sdk=iphoneos*]" = "iPhone Developer";
				COPY_PHASE_STRIP = NO;
				DEBUG_INFORMATION_FORMAT = dwarf;
				ENABLE_STRICT_OBJC_MSGSEND = YES;
				ENABLE_TESTABILITY = YES;
				GCC_C_LANGUAGE_STANDARD = gnu99;
				GCC_DYNAMIC_NO_PIC = NO;
				GCC_NO_COMMON_BLOCKS = YES;
				GCC_OPTIMIZATION_LEVEL = 0;
				GCC_PREPROCESSOR_DEFINITIONS = (
					"DEBUG=1",
					"$(inherited)",
				);
				GCC_WARN_64_TO_32_BIT_CONVERSION = YES;
				GCC_WARN_ABOUT_RETURN_TYPE = YES_ERROR;
				GCC_WARN_UNDECLARED_SELECTOR = YES;
				GCC_WARN_UNINITIALIZED_AUTOS = YES_AGGRESSIVE;
				GCC_WARN_UNUSED_FUNCTION = YES;
				GCC_WARN_UNUSED_VARIABLE = YES;
				IPHONEOS_DEPLOYMENT_TARGET = 9.1;
				MTL_ENABLE_DEBUG_INFO = YES;
				ONLY_ACTIVE_ARCH = YES;
				SDKROOT = iphoneos;
			};
			name = Debug;
		};
		69A9AC041BE216B10095B869 /* Release */ = {
			isa = XCBuildConfiguration;
			buildSettings = {
				ALWAYS_SEARCH_USER_PATHS = NO;
				CLANG_CXX_LANGUAGE_STANDARD = "gnu++0x";
				CLANG_CXX_LIBRARY = "libc++";
				CLANG_ENABLE_MODULES = YES;
				CLANG_ENABLE_OBJC_ARC = YES;
				CLANG_WARN_BOOL_CONVERSION = YES;
				CLANG_WARN_CONSTANT_CONVERSION = YES;
				CLANG_WARN_DIRECT_OBJC_ISA_USAGE = YES_ERROR;
				CLANG_WARN_EMPTY_BODY = YES;
				CLANG_WARN_ENUM_CONVERSION = YES;
				CLANG_WARN_INT_CONVERSION = YES;
				CLANG_WARN_OBJC_ROOT_CLASS = YES_ERROR;
				CLANG_WARN_UNREACHABLE_CODE = YES;
				CLANG_WARN__DUPLICATE_METHOD_MATCH = YES;
				"CODE_SIGN_IDENTITY[sdk=iphoneos*]" = "iPhone Developer";
				COPY_PHASE_STRIP = NO;
				DEBUG_INFORMATION_FORMAT = "dwarf-with-dsym";
				ENABLE_NS_ASSERTIONS = NO;
				ENABLE_STRICT_OBJC_MSGSEND = YES;
				GCC_C_LANGUAGE_STANDARD = gnu99;
				GCC_NO_COMMON_BLOCKS = YES;
				GCC_WARN_64_TO_32_BIT_CONVERSION = YES;
				GCC_WARN_ABOUT_RETURN_TYPE = YES_ERROR;
				GCC_WARN_UNDECLARED_SELECTOR = YES;
				GCC_WARN_UNINITIALIZED_AUTOS = YES_AGGRESSIVE;
				GCC_WARN_UNUSED_FUNCTION = YES;
				GCC_WARN_UNUSED_VARIABLE = YES;
				IPHONEOS_DEPLOYMENT_TARGET = 9.1;
				MTL_ENABLE_DEBUG_INFO = NO;
				SDKROOT = iphoneos;
				VALIDATE_PRODUCT = YES;
			};
			name = Release;
		};
		69A9AC061BE216B10095B869 /* Debug */ = {
			isa = XCBuildConfiguration;
			buildSettings = {
				ASSETCATALOG_COMPILER_APPICON_NAME = AppIcon;
				INFOPLIST_FILE = "Forth Sample/Info.plist";
				LD_RUNPATH_SEARCH_PATHS = "$(inherited) @executable_path/Frameworks";
				PRODUCT_BUNDLE_IDENTIFIER = "tv.forth.Forth-Sample";
				PRODUCT_NAME = "$(TARGET_NAME)";
			};
			name = Debug;
		};
		69A9AC071BE216B10095B869 /* Release */ = {
			isa = XCBuildConfiguration;
			buildSettings = {
				ASSETCATALOG_COMPILER_APPICON_NAME = AppIcon;
				INFOPLIST_FILE = "Forth Sample/Info.plist";
				LD_RUNPATH_SEARCH_PATHS = "$(inherited) @executable_path/Frameworks";
				PRODUCT_BUNDLE_IDENTIFIER = "tv.forth.Forth-Sample";
				PRODUCT_NAME = "$(TARGET_NAME)";
			};
			name = Release;
		};
		69A9AC091BE216B10095B869 /* Debug */ = {
			isa = XCBuildConfiguration;
			buildSettings = {
				BUNDLE_LOADER = "$(TEST_HOST)";
				INFOPLIST_FILE = "Forth SampleTests/Info.plist";
				LD_RUNPATH_SEARCH_PATHS = "$(inherited) @executable_path/Frameworks @loader_path/Frameworks";
				PRODUCT_BUNDLE_IDENTIFIER = "tv.forth.Forth-SampleTests";
				PRODUCT_NAME = "$(TARGET_NAME)";
				TEST_HOST = "$(BUILT_PRODUCTS_DIR)/Forth Sample.app/Forth Sample";
			};
			name = Debug;
		};
		69A9AC0A1BE216B10095B869 /* Release */ = {
			isa = XCBuildConfiguration;
			buildSettings = {
				BUNDLE_LOADER = "$(TEST_HOST)";
				INFOPLIST_FILE = "Forth SampleTests/Info.plist";
				LD_RUNPATH_SEARCH_PATHS = "$(inherited) @executable_path/Frameworks @loader_path/Frameworks";
				PRODUCT_BUNDLE_IDENTIFIER = "tv.forth.Forth-SampleTests";
				PRODUCT_NAME = "$(TARGET_NAME)";
				TEST_HOST = "$(BUILT_PRODUCTS_DIR)/Forth Sample.app/Forth Sample";
			};
			name = Release;
		};
/* End XCBuildConfiguration section */

/* Begin XCConfigurationList section */
		69A9ABDE1BE216B10095B869 /* Build configuration list for PBXProject "Forth Sample" */ = {
			isa = XCConfigurationList;
			buildConfigurations = (
				69A9AC031BE216B10095B869 /* Debug */,
				69A9AC041BE216B10095B869 /* Release */,
			);
			defaultConfigurationIsVisible = 0;
			defaultConfigurationName = Release;
		};
		69A9AC051BE216B10095B869 /* Build configuration list for PBXNativeTarget "Forth Sample" */ = {
			isa = XCConfigurationList;
			buildConfigurations = (
				69A9AC061BE216B10095B869 /* Debug */,
				69A9AC071BE216B10095B869 /* Release */,
			);
			defaultConfigurationIsVisible = 0;
			defaultConfigurationName = Release;
		};
		69A9AC081BE216B10095B869 /* Build configuration list for PBXNativeTarget "Forth SampleTests" */ = {
			isa = XCConfigurationList;
			buildConfigurations = (
				69A9AC091BE216B10095B869 /* Debug */,
				69A9AC0A1BE216B10095B869 /* Release */,
			);
			defaultConfigurationIsVisible = 0;
			defaultConfigurationName = Release;
		};
/* End XCConfigurationList section */
	};
	rootObject = 69A9ABDB1BE216B10095B869 /* Project object */;
}
